
Microsoft Visual Studio Solution File, Format Version 12.00
# Visual Studio Version 17
VisualStudioVersion = 17.14.37411.7 d17.14
MinimumVisualStudioVersion = 10.0.40219.1
Project("{FAE04EC0-301F-11D3-BF4B-00C04F79EFBC}") = "RestFullApi", "RestFullApi\RestFullApi.csproj", "{E3C02300-7AC0-43D1-8F67-41C18742E419}"
EndProject
Project("{FAE04EC0-301F-11D3-BF4B-00C04F79EFBC}") = "RestFullApi.Domain", "RestFullApi.Domain\RestFullApi.Domain.csproj", "{F090692F-8C5A-45A4-941A-658960A15626}"
EndProject
Project("{FAE04EC0-301F-11D3-BF4B-00C04F79EFBC}") = "RestFullApi.Application", "RestFullApi.Application\RestFullApi.Application.csproj", "{F371D706-A20F-478B-8B5E-15F115479510}"
EndProject
Project("{FAE04EC0-301F-11D3-BF4B-00C04F79EFBC}") = "RestFullApi.Infrastructure", "RestFullApi.Infrastructure\RestFullApi.Infrastructure.csproj", "{A51BAF24-7F38-41EF-965B-FB07EEF6ACE9}"
EndProject
Global
	GlobalSection(SolutionConfigurationPlatforms) = preSolution
		Debug|Any CPU = Debug|Any CPU
		Release|Any CPU = Release|Any CPU
	EndGlobalSection
	GlobalSection(ProjectConfigurationPlatforms) = postSolution
		{E3C02300-7AC0-43D1-8F67-41C18742E419}.Debug|Any CPU.ActiveCfg = Debug|Any CPU
		{E3C02300-7AC0-43D1-8F67-41C18742E419}.Debug|Any CPU.Build.0 = Debug|Any CPU
		{E3C02300-7AC0-43D1-8F67-41C18742E419}.Release|Any CPU.ActiveCfg = Release|Any CPU
		{E3C02300-7AC0-43D1-8F67-41C18742E419}.Release|Any CPU.Build.0 = Release|Any CPU
		{F090692F-8C5A-45A4-941A-658960A15626}.Debug|Any CPU.ActiveCfg = Debug|Any CPU
		{F090692F-8C5A-45A4-941A-658960A15626}.Debug|Any CPU.Build.0 = Debug|Any CPU
		{F090692F-8C5A-45A4-941A-658960A15626}.Release|Any CPU.ActiveCfg = Release|Any CPU
		{F090692F-8C5A-45A4-941A-658960A15626}.Release|Any CPU.Build.0 = Release|Any CPU
		{F371D706-A20F-478B-8B5E-15F115479510}.Debug|Any CPU.ActiveCfg = Debug|Any CPU
		{F371D706-A20F-478B-8B5E-15F115479510}.Debug|Any CPU.Build.0 = Debug|Any CPU
		{F371D706-A20F-478B-8B5E-15F115479510}.Release|Any CPU.ActiveCfg = Release|Any CPU
		{F371D706-A20F-478B-8B5E-15F115479510}.Release|Any CPU.Build.0 = Release|Any CPU
		{A51BAF24-7F38-41EF-965B-FB07EEF6ACE9}.Debug|Any CPU.ActiveCfg = Debug|Any CPU
		{A51BAF24-7F38-41EF-965B-FB07EEF6ACE9}.Debug|Any CPU.Build.0 = Debug|Any CPU
		{A51BAF24-7F38-41EF-965B-FB07EEF6ACE9}.Release|Any CPU.ActiveCfg = Release|Any CPU
		{A51BAF24-7F38-41EF-965B-FB07EEF6ACE9}.Release|Any CPU.Build.0 = Release|Any CPU
	EndGlobalSection
	GlobalSection(SolutionProperties) = preSolution
		HideSolutionNode = FALSE
	EndGlobalSection
	GlobalSection(ExtensibilityGlobals) = postSolution
		SolutionGuid = {F07CC16B-42B8-4E93-8830-61B2545614CF}
	EndGlobalSection
EndGlobal
